
Microsoft Visual Studio Solution File, Format Version 12.00
# Visual Studio Version 17
VisualStudioVersion = 17.10.34916.146
MinimumVisualStudioVersion = 10.0.40219.1
Project("{2150E333-8FDC-42A3-9474-1A3956D46DE8}") = "_Solution Items", "_Solution Items", "{A09F5488-FED9-475A-A6BF-56033AC82F1C}"
	ProjectSection(SolutionItems) = preProject
		.editorconfig = .editorconfig
		BannedSymbols.txt = BannedSymbols.txt
		Directory.Build.props = Directory.Build.props
		Directory.Packages.props = Directory.Packages.props
		dotnet-tools.json = dotnet-tools.json
	EndProjectSection
EndProject
Project("{2150E333-8FDC-42A3-9474-1A3956D46DE8}") = "src", "src", "{87C6E25C-F7BB-480D-BAA4-234EFF9B763C}"
EndProject
Project("{FAE04EC0-301F-11D3-BF4B-00C04F79EFBC}") = "DMS.Domain", "src\DMS.Domain\DMS.Domain.csproj", "{02E35AC5-9EC4-4D26-ACBD-63B17855680C}"
EndProject
Project("{FAE04EC0-301F-11D3-BF4B-00C04F79EFBC}") = "DMS.Application", "src\DMS.Application\DMS.Application.csproj", "{9C98C99A-08D2-4068-9258-08EABFADAD85}"
EndProject
Project("{FAE04EC0-301F-11D3-BF4B-00C04F79EFBC}") = "DMS.Infrastructure", "src\DMS.Infrastructure\DMS.Infrastructure.csproj", "{C4394B59-C6D7-45C7-A5A2-21340F440716}"
EndProject
Project("{FAE04EC0-301F-11D3-BF4B-00C04F79EFBC}") = "DMS.WebAPI", "src\DMS.WebAPI\DMS.WebAPI.csproj", "{42A9CE0B-FF88-4E8F-A086-998D315CAEB6}"
EndProject
Project("{FAE04EC0-301F-11D3-BF4B-00C04F79EFBC}") = "DMS.DomainTests", "test\DMS.DomainTests\DMS.DomainTests.csproj", "{1C35EFE3-4073-43F3-A90B-D14FAB64EA05}"
EndProject
Project("{2150E333-8FDC-42A3-9474-1A3956D46DE8}") = "test", "test", "{02EA681E-C7D8-13C7-8484-4AC65E1B71E8}"
EndProject
Project("{FAE04EC0-301F-11D3-BF4B-00C04F79EFBC}") = "DMS.ApplicationTests", "test\DMS.ApplicationTests\DMS.ApplicationTests.csproj", "{B3317774-7BE8-44A5-BE3C-9C3CCE2C2CFA}"
EndProject
Project("{FAE04EC0-301F-11D3-BF4B-00C04F79EFBC}") = "DMS.InfrastructureTests", "test\DMS.InfrastructureTests\DMS.InfrastructureTests.csproj", "{E43C3334-5991-43FC-A641-F3DBAC26075A}"
EndProject
Global
	GlobalSection(SolutionConfigurationPlatforms) = preSolution
		Debug|Any CPU = Debug|Any CPU
		Release|Any CPU = Release|Any CPU
	EndGlobalSection
	GlobalSection(ProjectConfigurationPlatforms) = postSolution
		{02E35AC5-9EC4-4D26-ACBD-63B17855680C}.Debug|Any CPU.ActiveCfg = Debug|Any CPU
		{02E35AC5-9EC4-4D26-ACBD-63B17855680C}.Debug|Any CPU.Build.0 = Debug|Any CPU
		{02E35AC5-9EC4-4D26-ACBD-63B17855680C}.Release|Any CPU.ActiveCfg = Release|Any CPU
		{02E35AC5-9EC4-4D26-ACBD-63B17855680C}.Release|Any CPU.Build.0 = Release|Any CPU
		{9C98C99A-08D2-4068-9258-08EABFADAD85}.Debug|Any CPU.ActiveCfg = Debug|Any CPU
		{9C98C99A-08D2-4068-9258-08EABFADAD85}.Debug|Any CPU.Build.0 = Debug|Any CPU
		{9C98C99A-08D2-4068-9258-08EABFADAD85}.Release|Any CPU.ActiveCfg = Release|Any CPU
		{9C98C99A-08D2-4068-9258-08EABFADAD85}.Release|Any CPU.Build.0 = Release|Any CPU
		{C4394B59-C6D7-45C7-A5A2-21340F440716}.Debug|Any CPU.ActiveCfg = Debug|Any CPU
		{C4394B59-C6D7-45C7-A5A2-21340F440716}.Debug|Any CPU.Build.0 = Debug|Any CPU
		{C4394B59-C6D7-45C7-A5A2-21340F440716}.Release|Any CPU.ActiveCfg = Release|Any CPU
		{C4394B59-C6D7-45C7-A5A2-21340F440716}.Release|Any CPU.Build.0 = Release|Any CPU
		{42A9CE0B-FF88-4E8F-A086-998D315CAEB6}.Debug|Any CPU.ActiveCfg = Debug|Any CPU
		{42A9CE0B-FF88-4E8F-A086-998D315CAEB6}.Debug|Any CPU.Build.0 = Debug|Any CPU
		{42A9CE0B-FF88-4E8F-A086-998D315CAEB6}.Release|Any CPU.ActiveCfg = Release|Any CPU
		{42A9CE0B-FF88-4E8F-A086-998D315CAEB6}.Release|Any CPU.Build.0 = Release|Any CPU
		{1C35EFE3-4073-43F3-A90B-D14FAB64EA05}.Debug|Any CPU.ActiveCfg = Debug|Any CPU
		{1C35EFE3-4073-43F3-A90B-D14FAB64EA05}.Debug|Any CPU.Build.0 = Debug|Any CPU
		{1C35EFE3-4073-43F3-A90B-D14FAB64EA05}.Release|Any CPU.ActiveCfg = Release|Any CPU
		{1C35EFE3-4073-43F3-A90B-D14FAB64EA05}.Release|Any CPU.Build.0 = Release|Any CPU
		{B3317774-7BE8-44A5-BE3C-9C3CCE2C2CFA}.Debug|Any CPU.ActiveCfg = Debug|Any CPU
		{B3317774-7BE8-44A5-BE3C-9C3CCE2C2CFA}.Debug|Any CPU.Build.0 = Debug|Any CPU
		{B3317774-7BE8-44A5-BE3C-9C3CCE2C2CFA}.Release|Any CPU.ActiveCfg = Release|Any CPU
		{B3317774-7BE8-44A5-BE3C-9C3CCE2C2CFA}.Release|Any CPU.Build.0 = Release|Any CPU
		{E43C3334-5991-43FC-A641-F3DBAC26075A}.Debug|Any CPU.ActiveCfg = Debug|Any CPU
		{E43C3334-5991-43FC-A641-F3DBAC26075A}.Debug|Any CPU.Build.0 = Debug|Any CPU
		{E43C3334-5991-43FC-A641-F3DBAC26075A}.Release|Any CPU.ActiveCfg = Release|Any CPU
		{E43C3334-5991-43FC-A641-F3DBAC26075A}.Release|Any CPU.Build.0 = Release|Any CPU
	EndGlobalSection
	GlobalSection(SolutionProperties) = preSolution
		HideSolutionNode = FALSE
	EndGlobalSection
	GlobalSection(NestedProjects) = preSolution
		{02E35AC5-9EC4-4D26-ACBD-63B17855680C} = {87C6E25C-F7BB-480D-BAA4-234EFF9B763C}
		{9C98C99A-08D2-4068-9258-08EABFADAD85} = {87C6E25C-F7BB-480D-BAA4-234EFF9B763C}
		{C4394B59-C6D7-45C7-A5A2-21340F440716} = {87C6E25C-F7BB-480D-BAA4-234EFF9B763C}
		{42A9CE0B-FF88-4E8F-A086-998D315CAEB6} = {87C6E25C-F7BB-480D-BAA4-234EFF9B763C}
		{1C35EFE3-4073-43F3-A90B-D14FAB64EA05} = {02EA681E-C7D8-13C7-8484-4AC65E1B71E8}
		{B3317774-7BE8-44A5-BE3C-9C3CCE2C2CFA} = {02EA681E-C7D8-13C7-8484-4AC65E1B71E8}
		{E43C3334-5991-43FC-A641-F3DBAC26075A} = {02EA681E-C7D8-13C7-8484-4AC65E1B71E8}
	EndGlobalSection
	GlobalSection(ExtensibilityGlobals) = postSolution
		SolutionGuid = {5E583522-6AD7-4174-AF97-0E0A8AA66BD2}
	EndGlobalSection
EndGlobal
