
Microsoft Visual Studio Solution File, Format Version 12.00
Project("{2150E333-8FDC-42A3-9474-1A3956D46DE8}") = "SharedKernel", "SharedKernel", "{F6B22766-E1B8-4AB0-925C-184F4CC678B7}"
EndProject
Project("{2150E333-8FDC-42A3-9474-1A3956D46DE8}") = "Modules", "Modules", "{9508C72C-FA9C-4F54-A47F-06D34DF348E1}"
EndProject
Project("{FAE04EC0-301F-11D3-BF4B-00C04F79EFBC}") = "DMS.SharedKernel.Domain", "DMS.SharedKernel.Domain\DMS.SharedKernel.Domain.csproj", "{DB1E99FC-01EE-4997-80A8-69A324E7A4F9}"
EndProject
Project("{FAE04EC0-301F-11D3-BF4B-00C04F79EFBC}") = "DMS.SharedKernel.Application", "DMS.SharedKernel.Application\DMS.SharedKernel.Application.csproj", "{C3DB0CF4-24A1-454F-AE28-5AE43516BB2B}"
EndProject
Project("{FAE04EC0-301F-11D3-BF4B-00C04F79EFBC}") = "DMS.SharedKernel.Infrastructure", "DMS.SharedKernel.Infrastructure\DMS.SharedKernel.Infrastructure.csproj", "{A9FB76FD-A726-4B08-998E-E078501C5D8F}"
EndProject
Project("{2150E333-8FDC-42A3-9474-1A3956D46DE8}") = "Organisation", "Organisation", "{9AE31F3A-56A5-4D8F-8736-3893B1EB9252}"
EndProject
Project("{2150E333-8FDC-42A3-9474-1A3956D46DE8}") = "Students", "Students", "{A60949EA-C54F-44EA-AC18-5453E98AC744}"
EndProject
Project("{2150E333-8FDC-42A3-9474-1A3956D46DE8}") = "Classes", "Classes", "{87D537DB-9FB3-4C0E-BC44-D98ACD3D8744}"
EndProject
Project("{2150E333-8FDC-42A3-9474-1A3956D46DE8}") = "Attendance", "Attendance", "{CCF68F60-241F-4644-904A-8DB5907D7D12}"
EndProject
Project("{2150E333-8FDC-42A3-9474-1A3956D46DE8}") = "Fees", "Fees", "{622BB30C-CFA5-45C3-83B8-A5C9C119E25F}"
EndProject
Project("{2150E333-8FDC-42A3-9474-1A3956D46DE8}") = "Reporting", "Reporting", "{D0AC3EB7-40E4-479C-AC09-45A1EC4EB76A}"
EndProject
Project("{FAE04EC0-301F-11D3-BF4B-00C04F79EFBC}") = "DMS.Modules.Organisation.Domain", "DMS.Modules.Organisation.Domain\DMS.Modules.Organisation.Domain.csproj", "{96884D12-5C3E-463F-B543-F2FAEE24F724}"
EndProject
Project("{FAE04EC0-301F-11D3-BF4B-00C04F79EFBC}") = "DMS.Modules.Organisation.Application", "DMS.Modules.Organisation.Application\DMS.Modules.Organisation.Application.csproj", "{E5B95C79-3CE7-49D3-AD24-FF8AA74C270F}"
EndProject
Project("{FAE04EC0-301F-11D3-BF4B-00C04F79EFBC}") = "DMS.Modules.Organisation.Infrastructure", "DMS.Modules.Organisation.Infrastructure\DMS.Modules.Organisation.Infrastructure.csproj", "{A676C2CB-E3B5-4A5B-B4CD-75DC4BF865BE}"
EndProject
Project("{FAE04EC0-301F-11D3-BF4B-00C04F79EFBC}") = "DMS.Modules.Organisation.Api", "DMS.Modules.Organisation.Api\DMS.Modules.Organisation.Api.csproj", "{430333FB-EF22-47AF-B516-07067E9A0E28}"
EndProject
Project("{FAE04EC0-301F-11D3-BF4B-00C04F79EFBC}") = "DMS.Modules.Attendance.Api", "DMS.Modules.Attendance.Api\DMS.Modules.Attendance.Api.csproj", "{33C1B635-AE09-435E-8061-9A9A66711F42}"
EndProject
Project("{FAE04EC0-301F-11D3-BF4B-00C04F79EFBC}") = "DMS.Modules.Attendance.Domain", "DMS.Modules.Attendance.Domain\DMS.Modules.Attendance.Domain.csproj", "{6119ED72-E323-43D0-8B2F-7004837CB561}"
EndProject
Project("{FAE04EC0-301F-11D3-BF4B-00C04F79EFBC}") = "DMS.Modules.Attendance.Infrastructure", "DMS.Modules.Attendance.Infrastructure\DMS.Modules.Attendance.Infrastructure.csproj", "{2D556897-164B-42A6-BCC3-DE41BBCFA3E9}"
EndProject
Project("{FAE04EC0-301F-11D3-BF4B-00C04F79EFBC}") = "DMS.Modules.Attendance.Application", "DMS.Modules.Attendance.Application\DMS.Modules.Attendance.Application.csproj", "{9755F3F9-67B6-42BC-88FE-B93D730EBFF6}"
EndProject
Project("{FAE04EC0-301F-11D3-BF4B-00C04F79EFBC}") = "DMS.Modules.Classes.Api", "DMS.Modules.Classes.Api\DMS.Modules.Classes.Api.csproj", "{849413E2-B69D-4A92-BA6E-768D9DBE4E24}"
EndProject
Project("{FAE04EC0-301F-11D3-BF4B-00C04F79EFBC}") = "DMS.Modules.Classes.Application", "DMS.Modules.Classes.Application\DMS.Modules.Classes.Application.csproj", "{8FB08F8F-C819-459E-A11D-94C5E41F4B45}"
EndProject
Project("{FAE04EC0-301F-11D3-BF4B-00C04F79EFBC}") = "DMS.Modules.Classes.Infrastructure", "DMS.Modules.Classes.Infrastructure\DMS.Modules.Classes.Infrastructure.csproj", "{9DB3728F-EA04-4B34-AE3D-065394865623}"
EndProject
Project("{FAE04EC0-301F-11D3-BF4B-00C04F79EFBC}") = "DMS.Modules.Classes.Domain", "DMS.Modules.Classes.Domain\DMS.Modules.Classes.Domain.csproj", "{75AABFCD-BE40-431F-A79E-5431DF89B294}"
EndProject
Project("{FAE04EC0-301F-11D3-BF4B-00C04F79EFBC}") = "DMS.Modules.Fees.Api", "DMS.Modules.Fees.Api\DMS.Modules.Fees.Api.csproj", "{A29E4F83-CFDA-4954-811F-DC724F4F5487}"
EndProject
Project("{FAE04EC0-301F-11D3-BF4B-00C04F79EFBC}") = "DMS.Modules.Fees.Application", "DMS.Modules.Fees.Application\DMS.Modules.Fees.Application.csproj", "{A1157B23-1CE9-4D27-BB65-EFB2FE39140C}"
EndProject
Project("{FAE04EC0-301F-11D3-BF4B-00C04F79EFBC}") = "DMS.Modules.Fees.Infrastructure", "DMS.Modules.Fees.Infrastructure\DMS.Modules.Fees.Infrastructure.csproj", "{862582C8-4ADC-47A4-BEDE-1CCDCAF134AC}"
EndProject
Project("{FAE04EC0-301F-11D3-BF4B-00C04F79EFBC}") = "DMS.Modules.Fees.Domain", "DMS.Modules.Fees.Domain\DMS.Modules.Fees.Domain.csproj", "{B4598D56-6945-4A49-89C7-89134351759E}"
EndProject
Project("{FAE04EC0-301F-11D3-BF4B-00C04F79EFBC}") = "DMS.Modules.Reporting.Domain", "DMS.Modules.Reporting.Domain\DMS.Modules.Reporting.Domain.csproj", "{585EB74E-908E-4616-96BF-B62F62DEDF02}"
EndProject
Project("{FAE04EC0-301F-11D3-BF4B-00C04F79EFBC}") = "DMS.Modules.Reporting.Application", "DMS.Modules.Reporting.Application\DMS.Modules.Reporting.Application.csproj", "{8C8A397B-547F-4019-9B6D-825CAD821685}"
EndProject
Project("{FAE04EC0-301F-11D3-BF4B-00C04F79EFBC}") = "DMS.Modules.Reporting.Api", "DMS.Modules.Reporting.Api\DMS.Modules.Reporting.Api.csproj", "{DE09F8D2-524C-4160-829C-AB05B460833D}"
EndProject
Project("{FAE04EC0-301F-11D3-BF4B-00C04F79EFBC}") = "DMS.Modules.Reporting.Infrastructure", "DMS.Modules.Reporting.Infrastructure\DMS.Modules.Reporting.Infrastructure.csproj", "{6DEAB831-4C82-4BCB-890A-F3646CF50C1F}"
EndProject
Project("{FAE04EC0-301F-11D3-BF4B-00C04F79EFBC}") = "DMS.Modules.Students.Api", "DMS.Modules.Students.Api\DMS.Modules.Students.Api.csproj", "{4689AAB3-35B0-454F-85BF-3BAD0BFA765B}"
EndProject
Project("{FAE04EC0-301F-11D3-BF4B-00C04F79EFBC}") = "DMS.Modules.Students.Infrastructure", "DMS.Modules.Students.Infrastructure\DMS.Modules.Students.Infrastructure.csproj", "{72194F96-2262-4064-8C8F-631F8163E90F}"
EndProject
Project("{FAE04EC0-301F-11D3-BF4B-00C04F79EFBC}") = "DMS.Modules.Students.Domain", "DMS.Modules.Students.Domain\DMS.Modules.Students.Domain.csproj", "{F2A9E64E-FB1E-4AAD-825D-971C196AE90A}"
EndProject
Project("{FAE04EC0-301F-11D3-BF4B-00C04F79EFBC}") = "DMS.Modules.Students.Application", "DMS.Modules.Students.Application\DMS.Modules.Students.Application.csproj", "{FE009B81-2FAA-45DE-AAF4-DA0743806C72}"
EndProject
Project("{FAE04EC0-301F-11D3-BF4B-00C04F79EFBC}") = "DMS.WebApi", "DMS.WebApi\DMS.WebApi.csproj", "{ACF7C478-8A84-4C19-A791-2EAF7BF96E5A}"
EndProject
Project("{FAE04EC0-301F-11D3-BF4B-00C04F79EFBC}") = "DMS.AppHost", "DMS.AppHost\DMS.AppHost.csproj", "{D5193627-FEA8-4B03-A11F-A5B42062ADA5}"
EndProject
Project("{FAE04EC0-301F-11D3-BF4B-00C04F79EFBC}") = "DMS.ServiceDefaults", "DMS.ServiceDefaults\DMS.ServiceDefaults.csproj", "{A9DD198D-CDEA-41FB-B372-D3F77970503B}"
EndProject
Project("{2150E333-8FDC-42A3-9474-1A3956D46DE8}") = "_Solution Items_", "_Solution Items_", "{A0359587-E438-48F6-BB77-7F3D6C7E0E5F}"
	ProjectSection(SolutionItems) = preProject
		Directory.Build.props = Directory.Build.props
		.editorconfig = .editorconfig
		.gitignore = .gitignore
	EndProjectSection
EndProject
Global
	GlobalSection(SolutionConfigurationPlatforms) = preSolution
		Debug|Any CPU = Debug|Any CPU
		Debug|x64 = Debug|x64
		Debug|x86 = Debug|x86
		Release|Any CPU = Release|Any CPU
		Release|x64 = Release|x64
		Release|x86 = Release|x86
	EndGlobalSection
	GlobalSection(ProjectConfigurationPlatforms) = postSolution
		{DB1E99FC-01EE-4997-80A8-69A324E7A4F9}.Debug|Any CPU.ActiveCfg = Debug|Any CPU
		{DB1E99FC-01EE-4997-80A8-69A324E7A4F9}.Debug|Any CPU.Build.0 = Debug|Any CPU
		{DB1E99FC-01EE-4997-80A8-69A324E7A4F9}.Debug|x64.ActiveCfg = Debug|Any CPU
		{DB1E99FC-01EE-4997-80A8-69A324E7A4F9}.Debug|x64.Build.0 = Debug|Any CPU
		{DB1E99FC-01EE-4997-80A8-69A324E7A4F9}.Debug|x86.ActiveCfg = Debug|Any CPU
		{DB1E99FC-01EE-4997-80A8-69A324E7A4F9}.Debug|x86.Build.0 = Debug|Any CPU
		{DB1E99FC-01EE-4997-80A8-69A324E7A4F9}.Release|Any CPU.ActiveCfg = Release|Any CPU
		{DB1E99FC-01EE-4997-80A8-69A324E7A4F9}.Release|Any CPU.Build.0 = Release|Any CPU
		{DB1E99FC-01EE-4997-80A8-69A324E7A4F9}.Release|x64.ActiveCfg = Release|Any CPU
		{DB1E99FC-01EE-4997-80A8-69A324E7A4F9}.Release|x64.Build.0 = Release|Any CPU
		{DB1E99FC-01EE-4997-80A8-69A324E7A4F9}.Release|x86.ActiveCfg = Release|Any CPU
		{DB1E99FC-01EE-4997-80A8-69A324E7A4F9}.Release|x86.Build.0 = Release|Any CPU
		{C3DB0CF4-24A1-454F-AE28-5AE43516BB2B}.Debug|Any CPU.ActiveCfg = Debug|Any CPU
		{C3DB0CF4-24A1-454F-AE28-5AE43516BB2B}.Debug|Any CPU.Build.0 = Debug|Any CPU
		{C3DB0CF4-24A1-454F-AE28-5AE43516BB2B}.Debug|x64.ActiveCfg = Debug|Any CPU
		{C3DB0CF4-24A1-454F-AE28-5AE43516BB2B}.Debug|x64.Build.0 = Debug|Any CPU
		{C3DB0CF4-24A1-454F-AE28-5AE43516BB2B}.Debug|x86.ActiveCfg = Debug|Any CPU
		{C3DB0CF4-24A1-454F-AE28-5AE43516BB2B}.Debug|x86.Build.0 = Debug|Any CPU
		{C3DB0CF4-24A1-454F-AE28-5AE43516BB2B}.Release|Any CPU.ActiveCfg = Release|Any CPU
		{C3DB0CF4-24A1-454F-AE28-5AE43516BB2B}.Release|Any CPU.Build.0 = Release|Any CPU
		{C3DB0CF4-24A1-454F-AE28-5AE43516BB2B}.Release|x64.ActiveCfg = Release|Any CPU
		{C3DB0CF4-24A1-454F-AE28-5AE43516BB2B}.Release|x64.Build.0 = Release|Any CPU
		{C3DB0CF4-24A1-454F-AE28-5AE43516BB2B}.Release|x86.ActiveCfg = Release|Any CPU
		{C3DB0CF4-24A1-454F-AE28-5AE43516BB2B}.Release|x86.Build.0 = Release|Any CPU
		{A9FB76FD-A726-4B08-998E-E078501C5D8F}.Debug|Any CPU.ActiveCfg = Debug|Any CPU
		{A9FB76FD-A726-4B08-998E-E078501C5D8F}.Debug|Any CPU.Build.0 = Debug|Any CPU
		{A9FB76FD-A726-4B08-998E-E078501C5D8F}.Debug|x64.ActiveCfg = Debug|Any CPU
		{A9FB76FD-A726-4B08-998E-E078501C5D8F}.Debug|x64.Build.0 = Debug|Any CPU
		{A9FB76FD-A726-4B08-998E-E078501C5D8F}.Debug|x86.ActiveCfg = Debug|Any CPU
		{A9FB76FD-A726-4B08-998E-E078501C5D8F}.Debug|x86.Build.0 = Debug|Any CPU
		{A9FB76FD-A726-4B08-998E-E078501C5D8F}.Release|Any CPU.ActiveCfg = Release|Any CPU
		{A9FB76FD-A726-4B08-998E-E078501C5D8F}.Release|Any CPU.Build.0 = Release|Any CPU
		{A9FB76FD-A726-4B08-998E-E078501C5D8F}.Release|x64.ActiveCfg = Release|Any CPU
		{A9FB76FD-A726-4B08-998E-E078501C5D8F}.Release|x64.Build.0 = Release|Any CPU
		{A9FB76FD-A726-4B08-998E-E078501C5D8F}.Release|x86.ActiveCfg = Release|Any CPU
		{A9FB76FD-A726-4B08-998E-E078501C5D8F}.Release|x86.Build.0 = Release|Any CPU
		{96884D12-5C3E-463F-B543-F2FAEE24F724}.Debug|Any CPU.ActiveCfg = Debug|Any CPU
		{96884D12-5C3E-463F-B543-F2FAEE24F724}.Debug|Any CPU.Build.0 = Debug|Any CPU
		{96884D12-5C3E-463F-B543-F2FAEE24F724}.Debug|x64.ActiveCfg = Debug|Any CPU
		{96884D12-5C3E-463F-B543-F2FAEE24F724}.Debug|x64.Build.0 = Debug|Any CPU
		{96884D12-5C3E-463F-B543-F2FAEE24F724}.Debug|x86.ActiveCfg = Debug|Any CPU
		{96884D12-5C3E-463F-B543-F2FAEE24F724}.Debug|x86.Build.0 = Debug|Any CPU
		{96884D12-5C3E-463F-B543-F2FAEE24F724}.Release|Any CPU.ActiveCfg = Release|Any CPU
		{96884D12-5C3E-463F-B543-F2FAEE24F724}.Release|Any CPU.Build.0 = Release|Any CPU
		{96884D12-5C3E-463F-B543-F2FAEE24F724}.Release|x64.ActiveCfg = Release|Any CPU
		{96884D12-5C3E-463F-B543-F2FAEE24F724}.Release|x64.Build.0 = Release|Any CPU
		{96884D12-5C3E-463F-B543-F2FAEE24F724}.Release|x86.ActiveCfg = Release|Any CPU
		{96884D12-5C3E-463F-B543-F2FAEE24F724}.Release|x86.Build.0 = Release|Any CPU
		{E5B95C79-3CE7-49D3-AD24-FF8AA74C270F}.Debug|Any CPU.ActiveCfg = Debug|Any CPU
		{E5B95C79-3CE7-49D3-AD24-FF8AA74C270F}.Debug|Any CPU.Build.0 = Debug|Any CPU
		{E5B95C79-3CE7-49D3-AD24-FF8AA74C270F}.Debug|x64.ActiveCfg = Debug|Any CPU
		{E5B95C79-3CE7-49D3-AD24-FF8AA74C270F}.Debug|x64.Build.0 = Debug|Any CPU
		{E5B95C79-3CE7-49D3-AD24-FF8AA74C270F}.Debug|x86.ActiveCfg = Debug|Any CPU
		{E5B95C79-3CE7-49D3-AD24-FF8AA74C270F}.Debug|x86.Build.0 = Debug|Any CPU
		{E5B95C79-3CE7-49D3-AD24-FF8AA74C270F}.Release|Any CPU.ActiveCfg = Release|Any CPU
		{E5B95C79-3CE7-49D3-AD24-FF8AA74C270F}.Release|Any CPU.Build.0 = Release|Any CPU
		{E5B95C79-3CE7-49D3-AD24-FF8AA74C270F}.Release|x64.ActiveCfg = Release|Any CPU
		{E5B95C79-3CE7-49D3-AD24-FF8AA74C270F}.Release|x64.Build.0 = Release|Any CPU
		{E5B95C79-3CE7-49D3-AD24-FF8AA74C270F}.Release|x86.ActiveCfg = Release|Any CPU
		{E5B95C79-3CE7-49D3-AD24-FF8AA74C270F}.Release|x86.Build.0 = Release|Any CPU
		{A676C2CB-E3B5-4A5B-B4CD-75DC4BF865BE}.Debug|Any CPU.ActiveCfg = Debug|Any CPU
		{A676C2CB-E3B5-4A5B-B4CD-75DC4BF865BE}.Debug|Any CPU.Build.0 = Debug|Any CPU
		{A676C2CB-E3B5-4A5B-B4CD-75DC4BF865BE}.Debug|x64.ActiveCfg = Debug|Any CPU
		{A676C2CB-E3B5-4A5B-B4CD-75DC4BF865BE}.Debug|x64.Build.0 = Debug|Any CPU
		{A676C2CB-E3B5-4A5B-B4CD-75DC4BF865BE}.Debug|x86.ActiveCfg = Debug|Any CPU
		{A676C2CB-E3B5-4A5B-B4CD-75DC4BF865BE}.Debug|x86.Build.0 = Debug|Any CPU
		{A676C2CB-E3B5-4A5B-B4CD-75DC4BF865BE}.Release|Any CPU.ActiveCfg = Release|Any CPU
		{A676C2CB-E3B5-4A5B-B4CD-75DC4BF865BE}.Release|Any CPU.Build.0 = Release|Any CPU
		{A676C2CB-E3B5-4A5B-B4CD-75DC4BF865BE}.Release|x64.ActiveCfg = Release|Any CPU
		{A676C2CB-E3B5-4A5B-B4CD-75DC4BF865BE}.Release|x64.Build.0 = Release|Any CPU
		{A676C2CB-E3B5-4A5B-B4CD-75DC4BF865BE}.Release|x86.ActiveCfg = Release|Any CPU
		{A676C2CB-E3B5-4A5B-B4CD-75DC4BF865BE}.Release|x86.Build.0 = Release|Any CPU
		{430333FB-EF22-47AF-B516-07067E9A0E28}.Debug|Any CPU.ActiveCfg = Debug|Any CPU
		{430333FB-EF22-47AF-B516-07067E9A0E28}.Debug|Any CPU.Build.0 = Debug|Any CPU
		{430333FB-EF22-47AF-B516-07067E9A0E28}.Debug|x64.ActiveCfg = Debug|Any CPU
		{430333FB-EF22-47AF-B516-07067E9A0E28}.Debug|x64.Build.0 = Debug|Any CPU
		{430333FB-EF22-47AF-B516-07067E9A0E28}.Debug|x86.ActiveCfg = Debug|Any CPU
		{430333FB-EF22-47AF-B516-07067E9A0E28}.Debug|x86.Build.0 = Debug|Any CPU
		{430333FB-EF22-47AF-B516-07067E9A0E28}.Release|Any CPU.ActiveCfg = Release|Any CPU
		{430333FB-EF22-47AF-B516-07067E9A0E28}.Release|Any CPU.Build.0 = Release|Any CPU
		{430333FB-EF22-47AF-B516-07067E9A0E28}.Release|x64.ActiveCfg = Release|Any CPU
		{430333FB-EF22-47AF-B516-07067E9A0E28}.Release|x64.Build.0 = Release|Any CPU
		{430333FB-EF22-47AF-B516-07067E9A0E28}.Release|x86.ActiveCfg = Release|Any CPU
		{430333FB-EF22-47AF-B516-07067E9A0E28}.Release|x86.Build.0 = Release|Any CPU
		{33C1B635-AE09-435E-8061-9A9A66711F42}.Debug|Any CPU.ActiveCfg = Debug|Any CPU
		{33C1B635-AE09-435E-8061-9A9A66711F42}.Debug|Any CPU.Build.0 = Debug|Any CPU
		{33C1B635-AE09-435E-8061-9A9A66711F42}.Debug|x64.ActiveCfg = Debug|Any CPU
		{33C1B635-AE09-435E-8061-9A9A66711F42}.Debug|x64.Build.0 = Debug|Any CPU
		{33C1B635-AE09-435E-8061-9A9A66711F42}.Debug|x86.ActiveCfg = Debug|Any CPU
		{33C1B635-AE09-435E-8061-9A9A66711F42}.Debug|x86.Build.0 = Debug|Any CPU
		{33C1B635-AE09-435E-8061-9A9A66711F42}.Release|Any CPU.ActiveCfg = Release|Any CPU
		{33C1B635-AE09-435E-8061-9A9A66711F42}.Release|Any CPU.Build.0 = Release|Any CPU
		{33C1B635-AE09-435E-8061-9A9A66711F42}.Release|x64.ActiveCfg = Release|Any CPU
		{33C1B635-AE09-435E-8061-9A9A66711F42}.Release|x64.Build.0 = Release|Any CPU
		{33C1B635-AE09-435E-8061-9A9A66711F42}.Release|x86.ActiveCfg = Release|Any CPU
		{33C1B635-AE09-435E-8061-9A9A66711F42}.Release|x86.Build.0 = Release|Any CPU
		{6119ED72-E323-43D0-8B2F-7004837CB561}.Debug|Any CPU.ActiveCfg = Debug|Any CPU
		{6119ED72-E323-43D0-8B2F-7004837CB561}.Debug|Any CPU.Build.0 = Debug|Any CPU
		{6119ED72-E323-43D0-8B2F-7004837CB561}.Debug|x64.ActiveCfg = Debug|Any CPU
		{6119ED72-E323-43D0-8B2F-7004837CB561}.Debug|x64.Build.0 = Debug|Any CPU
		{6119ED72-E323-43D0-8B2F-7004837CB561}.Debug|x86.ActiveCfg = Debug|Any CPU
		{6119ED72-E323-43D0-8B2F-7004837CB561}.Debug|x86.Build.0 = Debug|Any CPU
		{6119ED72-E323-43D0-8B2F-7004837CB561}.Release|Any CPU.ActiveCfg = Release|Any CPU
		{6119ED72-E323-43D0-8B2F-7004837CB561}.Release|Any CPU.Build.0 = Release|Any CPU
		{6119ED72-E323-43D0-8B2F-7004837CB561}.Release|x64.ActiveCfg = Release|Any CPU
		{6119ED72-E323-43D0-8B2F-7004837CB561}.Release|x64.Build.0 = Release|Any CPU
		{6119ED72-E323-43D0-8B2F-7004837CB561}.Release|x86.ActiveCfg = Release|Any CPU
		{6119ED72-E323-43D0-8B2F-7004837CB561}.Release|x86.Build.0 = Release|Any CPU
		{2D556897-164B-42A6-BCC3-DE41BBCFA3E9}.Debug|Any CPU.ActiveCfg = Debug|Any CPU
		{2D556897-164B-42A6-BCC3-DE41BBCFA3E9}.Debug|Any CPU.Build.0 = Debug|Any CPU
		{2D556897-164B-42A6-BCC3-DE41BBCFA3E9}.Debug|x64.ActiveCfg = Debug|Any CPU
		{2D556897-164B-42A6-BCC3-DE41BBCFA3E9}.Debug|x64.Build.0 = Debug|Any CPU
		{2D556897-164B-42A6-BCC3-DE41BBCFA3E9}.Debug|x86.ActiveCfg = Debug|Any CPU
		{2D556897-164B-42A6-BCC3-DE41BBCFA3E9}.Debug|x86.Build.0 = Debug|Any CPU
		{2D556897-164B-42A6-BCC3-DE41BBCFA3E9}.Release|Any CPU.ActiveCfg = Release|Any CPU
		{2D556897-164B-42A6-BCC3-DE41BBCFA3E9}.Release|Any CPU.Build.0 = Release|Any CPU
		{2D556897-164B-42A6-BCC3-DE41BBCFA3E9}.Release|x64.ActiveCfg = Release|Any CPU
		{2D556897-164B-42A6-BCC3-DE41BBCFA3E9}.Release|x64.Build.0 = Release|Any CPU
		{2D556897-164B-42A6-BCC3-DE41BBCFA3E9}.Release|x86.ActiveCfg = Release|Any CPU
		{2D556897-164B-42A6-BCC3-DE41BBCFA3E9}.Release|x86.Build.0 = Release|Any CPU
		{9755F3F9-67B6-42BC-88FE-B93D730EBFF6}.Debug|Any CPU.ActiveCfg = Debug|Any CPU
		{9755F3F9-67B6-42BC-88FE-B93D730EBFF6}.Debug|Any CPU.Build.0 = Debug|Any CPU
		{9755F3F9-67B6-42BC-88FE-B93D730EBFF6}.Debug|x64.ActiveCfg = Debug|Any CPU
		{9755F3F9-67B6-42BC-88FE-B93D730EBFF6}.Debug|x64.Build.0 = Debug|Any CPU
		{9755F3F9-67B6-42BC-88FE-B93D730EBFF6}.Debug|x86.ActiveCfg = Debug|Any CPU
		{9755F3F9-67B6-42BC-88FE-B93D730EBFF6}.Debug|x86.Build.0 = Debug|Any CPU
		{9755F3F9-67B6-42BC-88FE-B93D730EBFF6}.Release|Any CPU.ActiveCfg = Release|Any CPU
		{9755F3F9-67B6-42BC-88FE-B93D730EBFF6}.Release|Any CPU.Build.0 = Release|Any CPU
		{9755F3F9-67B6-42BC-88FE-B93D730EBFF6}.Release|x64.ActiveCfg = Release|Any CPU
		{9755F3F9-67B6-42BC-88FE-B93D730EBFF6}.Release|x64.Build.0 = Release|Any CPU
		{9755F3F9-67B6-42BC-88FE-B93D730EBFF6}.Release|x86.ActiveCfg = Release|Any CPU
		{9755F3F9-67B6-42BC-88FE-B93D730EBFF6}.Release|x86.Build.0 = Release|Any CPU
		{849413E2-B69D-4A92-BA6E-768D9DBE4E24}.Debug|Any CPU.ActiveCfg = Debug|Any CPU
		{849413E2-B69D-4A92-BA6E-768D9DBE4E24}.Debug|Any CPU.Build.0 = Debug|Any CPU
		{849413E2-B69D-4A92-BA6E-768D9DBE4E24}.Debug|x64.ActiveCfg = Debug|Any CPU
		{849413E2-B69D-4A92-BA6E-768D9DBE4E24}.Debug|x64.Build.0 = Debug|Any CPU
		{849413E2-B69D-4A92-BA6E-768D9DBE4E24}.Debug|x86.ActiveCfg = Debug|Any CPU
		{849413E2-B69D-4A92-BA6E-768D9DBE4E24}.Debug|x86.Build.0 = Debug|Any CPU
		{849413E2-B69D-4A92-BA6E-768D9DBE4E24}.Release|Any CPU.ActiveCfg = Release|Any CPU
		{849413E2-B69D-4A92-BA6E-768D9DBE4E24}.Release|Any CPU.Build.0 = Release|Any CPU
		{849413E2-B69D-4A92-BA6E-768D9DBE4E24}.Release|x64.ActiveCfg = Release|Any CPU
		{849413E2-B69D-4A92-BA6E-768D9DBE4E24}.Release|x64.Build.0 = Release|Any CPU
		{849413E2-B69D-4A92-BA6E-768D9DBE4E24}.Release|x86.ActiveCfg = Release|Any CPU
		{849413E2-B69D-4A92-BA6E-768D9DBE4E24}.Release|x86.Build.0 = Release|Any CPU
		{8FB08F8F-C819-459E-A11D-94C5E41F4B45}.Debug|Any CPU.ActiveCfg = Debug|Any CPU
		{8FB08F8F-C819-459E-A11D-94C5E41F4B45}.Debug|Any CPU.Build.0 = Debug|Any CPU
		{8FB08F8F-C819-459E-A11D-94C5E41F4B45}.Debug|x64.ActiveCfg = Debug|Any CPU
		{8FB08F8F-C819-459E-A11D-94C5E41F4B45}.Debug|x64.Build.0 = Debug|Any CPU
		{8FB08F8F-C819-459E-A11D-94C5E41F4B45}.Debug|x86.ActiveCfg = Debug|Any CPU
		{8FB08F8F-C819-459E-A11D-94C5E41F4B45}.Debug|x86.Build.0 = Debug|Any CPU
		{8FB08F8F-C819-459E-A11D-94C5E41F4B45}.Release|Any CPU.ActiveCfg = Release|Any CPU
		{8FB08F8F-C819-459E-A11D-94C5E41F4B45}.Release|Any CPU.Build.0 = Release|Any CPU
		{8FB08F8F-C819-459E-A11D-94C5E41F4B45}.Release|x64.ActiveCfg = Release|Any CPU
		{8FB08F8F-C819-459E-A11D-94C5E41F4B45}.Release|x64.Build.0 = Release|Any CPU
		{8FB08F8F-C819-459E-A11D-94C5E41F4B45}.Release|x86.ActiveCfg = Release|Any CPU
		{8FB08F8F-C819-459E-A11D-94C5E41F4B45}.Release|x86.Build.0 = Release|Any CPU
		{9DB3728F-EA04-4B34-AE3D-065394865623}.Debug|Any CPU.ActiveCfg = Debug|Any CPU
		{9DB3728F-EA04-4B34-AE3D-065394865623}.Debug|Any CPU.Build.0 = Debug|Any CPU
		{9DB3728F-EA04-4B34-AE3D-065394865623}.Debug|x64.ActiveCfg = Debug|Any CPU
		{9DB3728F-EA04-4B34-AE3D-065394865623}.Debug|x64.Build.0 = Debug|Any CPU
		{9DB3728F-EA04-4B34-AE3D-065394865623}.Debug|x86.ActiveCfg = Debug|Any CPU
		{9DB3728F-EA04-4B34-AE3D-065394865623}.Debug|x86.Build.0 = Debug|Any CPU
		{9DB3728F-EA04-4B34-AE3D-065394865623}.Release|Any CPU.ActiveCfg = Release|Any CPU
		{9DB3728F-EA04-4B34-AE3D-065394865623}.Release|Any CPU.Build.0 = Release|Any CPU
		{9DB3728F-EA04-4B34-AE3D-065394865623}.Release|x64.ActiveCfg = Release|Any CPU
		{9DB3728F-EA04-4B34-AE3D-065394865623}.Release|x64.Build.0 = Release|Any CPU
		{9DB3728F-EA04-4B34-AE3D-065394865623}.Release|x86.ActiveCfg = Release|Any CPU
		{9DB3728F-EA04-4B34-AE3D-065394865623}.Release|x86.Build.0 = Release|Any CPU
		{75AABFCD-BE40-431F-A79E-5431DF89B294}.Debug|Any CPU.ActiveCfg = Debug|Any CPU
		{75AABFCD-BE40-431F-A79E-5431DF89B294}.Debug|Any CPU.Build.0 = Debug|Any CPU
		{75AABFCD-BE40-431F-A79E-5431DF89B294}.Debug|x64.ActiveCfg = Debug|Any CPU
		{75AABFCD-BE40-431F-A79E-5431DF89B294}.Debug|x64.Build.0 = Debug|Any CPU
		{75AABFCD-BE40-431F-A79E-5431DF89B294}.Debug|x86.ActiveCfg = Debug|Any CPU
		{75AABFCD-BE40-431F-A79E-5431DF89B294}.Debug|x86.Build.0 = Debug|Any CPU
		{75AABFCD-BE40-431F-A79E-5431DF89B294}.Release|Any CPU.ActiveCfg = Release|Any CPU
		{75AABFCD-BE40-431F-A79E-5431DF89B294}.Release|Any CPU.Build.0 = Release|Any CPU
		{75AABFCD-BE40-431F-A79E-5431DF89B294}.Release|x64.ActiveCfg = Release|Any CPU
		{75AABFCD-BE40-431F-A79E-5431DF89B294}.Release|x64.Build.0 = Release|Any CPU
		{75AABFCD-BE40-431F-A79E-5431DF89B294}.Release|x86.ActiveCfg = Release|Any CPU
		{75AABFCD-BE40-431F-A79E-5431DF89B294}.Release|x86.Build.0 = Release|Any CPU
		{A29E4F83-CFDA-4954-811F-DC724F4F5487}.Debug|Any CPU.ActiveCfg = Debug|Any CPU
		{A29E4F83-CFDA-4954-811F-DC724F4F5487}.Debug|Any CPU.Build.0 = Debug|Any CPU
		{A29E4F83-CFDA-4954-811F-DC724F4F5487}.Debug|x64.ActiveCfg = Debug|Any CPU
		{A29E4F83-CFDA-4954-811F-DC724F4F5487}.Debug|x64.Build.0 = Debug|Any CPU
		{A29E4F83-CFDA-4954-811F-DC724F4F5487}.Debug|x86.ActiveCfg = Debug|Any CPU
		{A29E4F83-CFDA-4954-811F-DC724F4F5487}.Debug|x86.Build.0 = Debug|Any CPU
		{A29E4F83-CFDA-4954-811F-DC724F4F5487}.Release|Any CPU.ActiveCfg = Release|Any CPU
		{A29E4F83-CFDA-4954-811F-DC724F4F5487}.Release|Any CPU.Build.0 = Release|Any CPU
		{A29E4F83-CFDA-4954-811F-DC724F4F5487}.Release|x64.ActiveCfg = Release|Any CPU
		{A29E4F83-CFDA-4954-811F-DC724F4F5487}.Release|x64.Build.0 = Release|Any CPU
		{A29E4F83-CFDA-4954-811F-DC724F4F5487}.Release|x86.ActiveCfg = Release|Any CPU
		{A29E4F83-CFDA-4954-811F-DC724F4F5487}.Release|x86.Build.0 = Release|Any CPU
		{A1157B23-1CE9-4D27-BB65-EFB2FE39140C}.Debug|Any CPU.ActiveCfg = Debug|Any CPU
		{A1157B23-1CE9-4D27-BB65-EFB2FE39140C}.Debug|Any CPU.Build.0 = Debug|Any CPU
		{A1157B23-1CE9-4D27-BB65-EFB2FE39140C}.Debug|x64.ActiveCfg = Debug|Any CPU
		{A1157B23-1CE9-4D27-BB65-EFB2FE39140C}.Debug|x64.Build.0 = Debug|Any CPU
		{A1157B23-1CE9-4D27-BB65-EFB2FE39140C}.Debug|x86.ActiveCfg = Debug|Any CPU
		{A1157B23-1CE9-4D27-BB65-EFB2FE39140C}.Debug|x86.Build.0 = Debug|Any CPU
		{A1157B23-1CE9-4D27-BB65-EFB2FE39140C}.Release|Any CPU.ActiveCfg = Release|Any CPU
		{A1157B23-1CE9-4D27-BB65-EFB2FE39140C}.Release|Any CPU.Build.0 = Release|Any CPU
		{A1157B23-1CE9-4D27-BB65-EFB2FE39140C}.Release|x64.ActiveCfg = Release|Any CPU
		{A1157B23-1CE9-4D27-BB65-EFB2FE39140C}.Release|x64.Build.0 = Release|Any CPU
		{A1157B23-1CE9-4D27-BB65-EFB2FE39140C}.Release|x86.ActiveCfg = Release|Any CPU
		{A1157B23-1CE9-4D27-BB65-EFB2FE39140C}.Release|x86.Build.0 = Release|Any CPU
		{862582C8-4ADC-47A4-BEDE-1CCDCAF134AC}.Debug|Any CPU.ActiveCfg = Debug|Any CPU
		{862582C8-4ADC-47A4-BEDE-1CCDCAF134AC}.Debug|Any CPU.Build.0 = Debug|Any CPU
		{862582C8-4ADC-47A4-BEDE-1CCDCAF134AC}.Debug|x64.ActiveCfg = Debug|Any CPU
		{862582C8-4ADC-47A4-BEDE-1CCDCAF134AC}.Debug|x64.Build.0 = Debug|Any CPU
		{862582C8-4ADC-47A4-BEDE-1CCDCAF134AC}.Debug|x86.ActiveCfg = Debug|Any CPU
		{862582C8-4ADC-47A4-BEDE-1CCDCAF134AC}.Debug|x86.Build.0 = Debug|Any CPU
		{862582C8-4ADC-47A4-BEDE-1CCDCAF134AC}.Release|Any CPU.ActiveCfg = Release|Any CPU
		{862582C8-4ADC-47A4-BEDE-1CCDCAF134AC}.Release|Any CPU.Build.0 = Release|Any CPU
		{862582C8-4ADC-47A4-BEDE-1CCDCAF134AC}.Release|x64.ActiveCfg = Release|Any CPU
		{862582C8-4ADC-47A4-BEDE-1CCDCAF134AC}.Release|x64.Build.0 = Release|Any CPU
		{862582C8-4ADC-47A4-BEDE-1CCDCAF134AC}.Release|x86.ActiveCfg = Release|Any CPU
		{862582C8-4ADC-47A4-BEDE-1CCDCAF134AC}.Release|x86.Build.0 = Release|Any CPU
		{B4598D56-6945-4A49-89C7-89134351759E}.Debug|Any CPU.ActiveCfg = Debug|Any CPU
		{B4598D56-6945-4A49-89C7-89134351759E}.Debug|Any CPU.Build.0 = Debug|Any CPU
		{B4598D56-6945-4A49-89C7-89134351759E}.Debug|x64.ActiveCfg = Debug|Any CPU
		{B4598D56-6945-4A49-89C7-89134351759E}.Debug|x64.Build.0 = Debug|Any CPU
		{B4598D56-6945-4A49-89C7-89134351759E}.Debug|x86.ActiveCfg = Debug|Any CPU
		{B4598D56-6945-4A49-89C7-89134351759E}.Debug|x86.Build.0 = Debug|Any CPU
		{B4598D56-6945-4A49-89C7-89134351759E}.Release|Any CPU.ActiveCfg = Release|Any CPU
		{B4598D56-6945-4A49-89C7-89134351759E}.Release|Any CPU.Build.0 = Release|Any CPU
		{B4598D56-6945-4A49-89C7-89134351759E}.Release|x64.ActiveCfg = Release|Any CPU
		{B4598D56-6945-4A49-89C7-89134351759E}.Release|x64.Build.0 = Release|Any CPU
		{B4598D56-6945-4A49-89C7-89134351759E}.Release|x86.ActiveCfg = Release|Any CPU
		{B4598D56-6945-4A49-89C7-89134351759E}.Release|x86.Build.0 = Release|Any CPU
		{585EB74E-908E-4616-96BF-B62F62DEDF02}.Debug|Any CPU.ActiveCfg = Debug|Any CPU
		{585EB74E-908E-4616-96BF-B62F62DEDF02}.Debug|Any CPU.Build.0 = Debug|Any CPU
		{585EB74E-908E-4616-96BF-B62F62DEDF02}.Debug|x64.ActiveCfg = Debug|Any CPU
		{585EB74E-908E-4616-96BF-B62F62DEDF02}.Debug|x64.Build.0 = Debug|Any CPU
		{585EB74E-908E-4616-96BF-B62F62DEDF02}.Debug|x86.ActiveCfg = Debug|Any CPU
		{585EB74E-908E-4616-96BF-B62F62DEDF02}.Debug|x86.Build.0 = Debug|Any CPU
		{585EB74E-908E-4616-96BF-B62F62DEDF02}.Release|Any CPU.ActiveCfg = Release|Any CPU
		{585EB74E-908E-4616-96BF-B62F62DEDF02}.Release|Any CPU.Build.0 = Release|Any CPU
		{585EB74E-908E-4616-96BF-B62F62DEDF02}.Release|x64.ActiveCfg = Release|Any CPU
		{585EB74E-908E-4616-96BF-B62F62DEDF02}.Release|x64.Build.0 = Release|Any CPU
		{585EB74E-908E-4616-96BF-B62F62DEDF02}.Release|x86.ActiveCfg = Release|Any CPU
		{585EB74E-908E-4616-96BF-B62F62DEDF02}.Release|x86.Build.0 = Release|Any CPU
		{8C8A397B-547F-4019-9B6D-825CAD821685}.Debug|Any CPU.ActiveCfg = Debug|Any CPU
		{8C8A397B-547F-4019-9B6D-825CAD821685}.Debug|Any CPU.Build.0 = Debug|Any CPU
		{8C8A397B-547F-4019-9B6D-825CAD821685}.Debug|x64.ActiveCfg = Debug|Any CPU
		{8C8A397B-547F-4019-9B6D-825CAD821685}.Debug|x64.Build.0 = Debug|Any CPU
		{8C8A397B-547F-4019-9B6D-825CAD821685}.Debug|x86.ActiveCfg = Debug|Any CPU
		{8C8A397B-547F-4019-9B6D-825CAD821685}.Debug|x86.Build.0 = Debug|Any CPU
		{8C8A397B-547F-4019-9B6D-825CAD821685}.Release|Any CPU.ActiveCfg = Release|Any CPU
		{8C8A397B-547F-4019-9B6D-825CAD821685}.Release|Any CPU.Build.0 = Release|Any CPU
		{8C8A397B-547F-4019-9B6D-825CAD821685}.Release|x64.ActiveCfg = Release|Any CPU
		{8C8A397B-547F-4019-9B6D-825CAD821685}.Release|x64.Build.0 = Release|Any CPU
		{8C8A397B-547F-4019-9B6D-825CAD821685}.Release|x86.ActiveCfg = Release|Any CPU
		{8C8A397B-547F-4019-9B6D-825CAD821685}.Release|x86.Build.0 = Release|Any CPU
		{DE09F8D2-524C-4160-829C-AB05B460833D}.Debug|Any CPU.ActiveCfg = Debug|Any CPU
		{DE09F8D2-524C-4160-829C-AB05B460833D}.Debug|Any CPU.Build.0 = Debug|Any CPU
		{DE09F8D2-524C-4160-829C-AB05B460833D}.Debug|x64.ActiveCfg = Debug|Any CPU
		{DE09F8D2-524C-4160-829C-AB05B460833D}.Debug|x64.Build.0 = Debug|Any CPU
		{DE09F8D2-524C-4160-829C-AB05B460833D}.Debug|x86.ActiveCfg = Debug|Any CPU
		{DE09F8D2-524C-4160-829C-AB05B460833D}.Debug|x86.Build.0 = Debug|Any CPU
		{DE09F8D2-524C-4160-829C-AB05B460833D}.Release|Any CPU.ActiveCfg = Release|Any CPU
		{DE09F8D2-524C-4160-829C-AB05B460833D}.Release|Any CPU.Build.0 = Release|Any CPU
		{DE09F8D2-524C-4160-829C-AB05B460833D}.Release|x64.ActiveCfg = Release|Any CPU
		{DE09F8D2-524C-4160-829C-AB05B460833D}.Release|x64.Build.0 = Release|Any CPU
		{DE09F8D2-524C-4160-829C-AB05B460833D}.Release|x86.ActiveCfg = Release|Any CPU
		{DE09F8D2-524C-4160-829C-AB05B460833D}.Release|x86.Build.0 = Release|Any CPU
		{6DEAB831-4C82-4BCB-890A-F3646CF50C1F}.Debug|Any CPU.ActiveCfg = Debug|Any CPU
		{6DEAB831-4C82-4BCB-890A-F3646CF50C1F}.Debug|Any CPU.Build.0 = Debug|Any CPU
		{6DEAB831-4C82-4BCB-890A-F3646CF50C1F}.Debug|x64.ActiveCfg = Debug|Any CPU
		{6DEAB831-4C82-4BCB-890A-F3646CF50C1F}.Debug|x64.Build.0 = Debug|Any CPU
		{6DEAB831-4C82-4BCB-890A-F3646CF50C1F}.Debug|x86.ActiveCfg = Debug|Any CPU
		{6DEAB831-4C82-4BCB-890A-F3646CF50C1F}.Debug|x86.Build.0 = Debug|Any CPU
		{6DEAB831-4C82-4BCB-890A-F3646CF50C1F}.Release|Any CPU.ActiveCfg = Release|Any CPU
		{6DEAB831-4C82-4BCB-890A-F3646CF50C1F}.Release|Any CPU.Build.0 = Release|Any CPU
		{6DEAB831-4C82-4BCB-890A-F3646CF50C1F}.Release|x64.ActiveCfg = Release|Any CPU
		{6DEAB831-4C82-4BCB-890A-F3646CF50C1F}.Release|x64.Build.0 = Release|Any CPU
		{6DEAB831-4C82-4BCB-890A-F3646CF50C1F}.Release|x86.ActiveCfg = Release|Any CPU
		{6DEAB831-4C82-4BCB-890A-F3646CF50C1F}.Release|x86.Build.0 = Release|Any CPU
		{4689AAB3-35B0-454F-85BF-3BAD0BFA765B}.Debug|Any CPU.ActiveCfg = Debug|Any CPU
		{4689AAB3-35B0-454F-85BF-3BAD0BFA765B}.Debug|Any CPU.Build.0 = Debug|Any CPU
		{4689AAB3-35B0-454F-85BF-3BAD0BFA765B}.Debug|x64.ActiveCfg = Debug|Any CPU
		{4689AAB3-35B0-454F-85BF-3BAD0BFA765B}.Debug|x64.Build.0 = Debug|Any CPU
		{4689AAB3-35B0-454F-85BF-3BAD0BFA765B}.Debug|x86.ActiveCfg = Debug|Any CPU
		{4689AAB3-35B0-454F-85BF-3BAD0BFA765B}.Debug|x86.Build.0 = Debug|Any CPU
		{4689AAB3-35B0-454F-85BF-3BAD0BFA765B}.Release|Any CPU.ActiveCfg = Release|Any CPU
		{4689AAB3-35B0-454F-85BF-3BAD0BFA765B}.Release|Any CPU.Build.0 = Release|Any CPU
		{4689AAB3-35B0-454F-85BF-3BAD0BFA765B}.Release|x64.ActiveCfg = Release|Any CPU
		{4689AAB3-35B0-454F-85BF-3BAD0BFA765B}.Release|x64.Build.0 = Release|Any CPU
		{4689AAB3-35B0-454F-85BF-3BAD0BFA765B}.Release|x86.ActiveCfg = Release|Any CPU
		{4689AAB3-35B0-454F-85BF-3BAD0BFA765B}.Release|x86.Build.0 = Release|Any CPU
		{72194F96-2262-4064-8C8F-631F8163E90F}.Debug|Any CPU.ActiveCfg = Debug|Any CPU
		{72194F96-2262-4064-8C8F-631F8163E90F}.Debug|Any CPU.Build.0 = Debug|Any CPU
		{72194F96-2262-4064-8C8F-631F8163E90F}.Debug|x64.ActiveCfg = Debug|Any CPU
		{72194F96-2262-4064-8C8F-631F8163E90F}.Debug|x64.Build.0 = Debug|Any CPU
		{72194F96-2262-4064-8C8F-631F8163E90F}.Debug|x86.ActiveCfg = Debug|Any CPU
		{72194F96-2262-4064-8C8F-631F8163E90F}.Debug|x86.Build.0 = Debug|Any CPU
		{72194F96-2262-4064-8C8F-631F8163E90F}.Release|Any CPU.ActiveCfg = Release|Any CPU
		{72194F96-2262-4064-8C8F-631F8163E90F}.Release|Any CPU.Build.0 = Release|Any CPU
		{72194F96-2262-4064-8C8F-631F8163E90F}.Release|x64.ActiveCfg = Release|Any CPU
		{72194F96-2262-4064-8C8F-631F8163E90F}.Release|x64.Build.0 = Release|Any CPU
		{72194F96-2262-4064-8C8F-631F8163E90F}.Release|x86.ActiveCfg = Release|Any CPU
		{72194F96-2262-4064-8C8F-631F8163E90F}.Release|x86.Build.0 = Release|Any CPU
		{F2A9E64E-FB1E-4AAD-825D-971C196AE90A}.Debug|Any CPU.ActiveCfg = Debug|Any CPU
		{F2A9E64E-FB1E-4AAD-825D-971C196AE90A}.Debug|Any CPU.Build.0 = Debug|Any CPU
		{F2A9E64E-FB1E-4AAD-825D-971C196AE90A}.Debug|x64.ActiveCfg = Debug|Any CPU
		{F2A9E64E-FB1E-4AAD-825D-971C196AE90A}.Debug|x64.Build.0 = Debug|Any CPU
		{F2A9E64E-FB1E-4AAD-825D-971C196AE90A}.Debug|x86.ActiveCfg = Debug|Any CPU
		{F2A9E64E-FB1E-4AAD-825D-971C196AE90A}.Debug|x86.Build.0 = Debug|Any CPU
		{F2A9E64E-FB1E-4AAD-825D-971C196AE90A}.Release|Any CPU.ActiveCfg = Release|Any CPU
		{F2A9E64E-FB1E-4AAD-825D-971C196AE90A}.Release|Any CPU.Build.0 = Release|Any CPU
		{F2A9E64E-FB1E-4AAD-825D-971C196AE90A}.Release|x64.ActiveCfg = Release|Any CPU
		{F2A9E64E-FB1E-4AAD-825D-971C196AE90A}.Release|x64.Build.0 = Release|Any CPU
		{F2A9E64E-FB1E-4AAD-825D-971C196AE90A}.Release|x86.ActiveCfg = Release|Any CPU
		{F2A9E64E-FB1E-4AAD-825D-971C196AE90A}.Release|x86.Build.0 = Release|Any CPU
		{FE009B81-2FAA-45DE-AAF4-DA0743806C72}.Debug|Any CPU.ActiveCfg = Debug|Any CPU
		{FE009B81-2FAA-45DE-AAF4-DA0743806C72}.Debug|Any CPU.Build.0 = Debug|Any CPU
		{FE009B81-2FAA-45DE-AAF4-DA0743806C72}.Debug|x64.ActiveCfg = Debug|Any CPU
		{FE009B81-2FAA-45DE-AAF4-DA0743806C72}.Debug|x64.Build.0 = Debug|Any CPU
		{FE009B81-2FAA-45DE-AAF4-DA0743806C72}.Debug|x86.ActiveCfg = Debug|Any CPU
		{FE009B81-2FAA-45DE-AAF4-DA0743806C72}.Debug|x86.Build.0 = Debug|Any CPU
		{FE009B81-2FAA-45DE-AAF4-DA0743806C72}.Release|Any CPU.ActiveCfg = Release|Any CPU
		{FE009B81-2FAA-45DE-AAF4-DA0743806C72}.Release|Any CPU.Build.0 = Release|Any CPU
		{FE009B81-2FAA-45DE-AAF4-DA0743806C72}.Release|x64.ActiveCfg = Release|Any CPU
		{FE009B81-2FAA-45DE-AAF4-DA0743806C72}.Release|x64.Build.0 = Release|Any CPU
		{FE009B81-2FAA-45DE-AAF4-DA0743806C72}.Release|x86.ActiveCfg = Release|Any CPU
		{FE009B81-2FAA-45DE-AAF4-DA0743806C72}.Release|x86.Build.0 = Release|Any CPU
		{ACF7C478-8A84-4C19-A791-2EAF7BF96E5A}.Debug|Any CPU.ActiveCfg = Debug|Any CPU
		{ACF7C478-8A84-4C19-A791-2EAF7BF96E5A}.Debug|Any CPU.Build.0 = Debug|Any CPU
		{ACF7C478-8A84-4C19-A791-2EAF7BF96E5A}.Debug|x64.ActiveCfg = Debug|Any CPU
		{ACF7C478-8A84-4C19-A791-2EAF7BF96E5A}.Debug|x64.Build.0 = Debug|Any CPU
		{ACF7C478-8A84-4C19-A791-2EAF7BF96E5A}.Debug|x86.ActiveCfg = Debug|Any CPU
		{ACF7C478-8A84-4C19-A791-2EAF7BF96E5A}.Debug|x86.Build.0 = Debug|Any CPU
		{ACF7C478-8A84-4C19-A791-2EAF7BF96E5A}.Release|Any CPU.ActiveCfg = Release|Any CPU
		{ACF7C478-8A84-4C19-A791-2EAF7BF96E5A}.Release|Any CPU.Build.0 = Release|Any CPU
		{ACF7C478-8A84-4C19-A791-2EAF7BF96E5A}.Release|x64.ActiveCfg = Release|Any CPU
		{ACF7C478-8A84-4C19-A791-2EAF7BF96E5A}.Release|x64.Build.0 = Release|Any CPU
		{ACF7C478-8A84-4C19-A791-2EAF7BF96E5A}.Release|x86.ActiveCfg = Release|Any CPU
		{ACF7C478-8A84-4C19-A791-2EAF7BF96E5A}.Release|x86.Build.0 = Release|Any CPU
		{D5193627-FEA8-4B03-A11F-A5B42062ADA5}.Debug|Any CPU.ActiveCfg = Debug|Any CPU
		{D5193627-FEA8-4B03-A11F-A5B42062ADA5}.Debug|Any CPU.Build.0 = Debug|Any CPU
		{D5193627-FEA8-4B03-A11F-A5B42062ADA5}.Debug|x64.ActiveCfg = Debug|Any CPU
		{D5193627-FEA8-4B03-A11F-A5B42062ADA5}.Debug|x64.Build.0 = Debug|Any CPU
		{D5193627-FEA8-4B03-A11F-A5B42062ADA5}.Debug|x86.ActiveCfg = Debug|Any CPU
		{D5193627-FEA8-4B03-A11F-A5B42062ADA5}.Debug|x86.Build.0 = Debug|Any CPU
		{D5193627-FEA8-4B03-A11F-A5B42062ADA5}.Release|Any CPU.ActiveCfg = Release|Any CPU
		{D5193627-FEA8-4B03-A11F-A5B42062ADA5}.Release|Any CPU.Build.0 = Release|Any CPU
		{D5193627-FEA8-4B03-A11F-A5B42062ADA5}.Release|x64.ActiveCfg = Release|Any CPU
		{D5193627-FEA8-4B03-A11F-A5B42062ADA5}.Release|x64.Build.0 = Release|Any CPU
		{D5193627-FEA8-4B03-A11F-A5B42062ADA5}.Release|x86.ActiveCfg = Release|Any CPU
		{D5193627-FEA8-4B03-A11F-A5B42062ADA5}.Release|x86.Build.0 = Release|Any CPU
		{A9DD198D-CDEA-41FB-B372-D3F77970503B}.Debug|Any CPU.ActiveCfg = Debug|Any CPU
		{A9DD198D-CDEA-41FB-B372-D3F77970503B}.Debug|Any CPU.Build.0 = Debug|Any CPU
		{A9DD198D-CDEA-41FB-B372-D3F77970503B}.Debug|x64.ActiveCfg = Debug|Any CPU
		{A9DD198D-CDEA-41FB-B372-D3F77970503B}.Debug|x64.Build.0 = Debug|Any CPU
		{A9DD198D-CDEA-41FB-B372-D3F77970503B}.Debug|x86.ActiveCfg = Debug|Any CPU
		{A9DD198D-CDEA-41FB-B372-D3F77970503B}.Debug|x86.Build.0 = Debug|Any CPU
		{A9DD198D-CDEA-41FB-B372-D3F77970503B}.Release|Any CPU.ActiveCfg = Release|Any CPU
		{A9DD198D-CDEA-41FB-B372-D3F77970503B}.Release|Any CPU.Build.0 = Release|Any CPU
		{A9DD198D-CDEA-41FB-B372-D3F77970503B}.Release|x64.ActiveCfg = Release|Any CPU
		{A9DD198D-CDEA-41FB-B372-D3F77970503B}.Release|x64.Build.0 = Release|Any CPU
		{A9DD198D-CDEA-41FB-B372-D3F77970503B}.Release|x86.ActiveCfg = Release|Any CPU
		{A9DD198D-CDEA-41FB-B372-D3F77970503B}.Release|x86.Build.0 = Release|Any CPU
	EndGlobalSection
	GlobalSection(SolutionProperties) = preSolution
		HideSolutionNode = FALSE
	EndGlobalSection
	GlobalSection(NestedProjects) = preSolution
		{DB1E99FC-01EE-4997-80A8-69A324E7A4F9} = {F6B22766-E1B8-4AB0-925C-184F4CC678B7}
		{C3DB0CF4-24A1-454F-AE28-5AE43516BB2B} = {F6B22766-E1B8-4AB0-925C-184F4CC678B7}
		{A9FB76FD-A726-4B08-998E-E078501C5D8F} = {F6B22766-E1B8-4AB0-925C-184F4CC678B7}
		{9AE31F3A-56A5-4D8F-8736-3893B1EB9252} = {9508C72C-FA9C-4F54-A47F-06D34DF348E1}
		{A60949EA-C54F-44EA-AC18-5453E98AC744} = {9508C72C-FA9C-4F54-A47F-06D34DF348E1}
		{87D537DB-9FB3-4C0E-BC44-D98ACD3D8744} = {9508C72C-FA9C-4F54-A47F-06D34DF348E1}
		{CCF68F60-241F-4644-904A-8DB5907D7D12} = {9508C72C-FA9C-4F54-A47F-06D34DF348E1}
		{622BB30C-CFA5-45C3-83B8-A5C9C119E25F} = {9508C72C-FA9C-4F54-A47F-06D34DF348E1}
		{D0AC3EB7-40E4-479C-AC09-45A1EC4EB76A} = {9508C72C-FA9C-4F54-A47F-06D34DF348E1}
		{96884D12-5C3E-463F-B543-F2FAEE24F724} = {9AE31F3A-56A5-4D8F-8736-3893B1EB9252}
		{E5B95C79-3CE7-49D3-AD24-FF8AA74C270F} = {9AE31F3A-56A5-4D8F-8736-3893B1EB9252}
		{A676C2CB-E3B5-4A5B-B4CD-75DC4BF865BE} = {9AE31F3A-56A5-4D8F-8736-3893B1EB9252}
		{430333FB-EF22-47AF-B516-07067E9A0E28} = {9AE31F3A-56A5-4D8F-8736-3893B1EB9252}
		{33C1B635-AE09-435E-8061-9A9A66711F42} = {CCF68F60-241F-4644-904A-8DB5907D7D12}
		{6119ED72-E323-43D0-8B2F-7004837CB561} = {CCF68F60-241F-4644-904A-8DB5907D7D12}
		{2D556897-164B-42A6-BCC3-DE41BBCFA3E9} = {CCF68F60-241F-4644-904A-8DB5907D7D12}
		{9755F3F9-67B6-42BC-88FE-B93D730EBFF6} = {CCF68F60-241F-4644-904A-8DB5907D7D12}
		{849413E2-B69D-4A92-BA6E-768D9DBE4E24} = {87D537DB-9FB3-4C0E-BC44-D98ACD3D8744}
		{8FB08F8F-C819-459E-A11D-94C5E41F4B45} = {87D537DB-9FB3-4C0E-BC44-D98ACD3D8744}
		{9DB3728F-EA04-4B34-AE3D-065394865623} = {87D537DB-9FB3-4C0E-BC44-D98ACD3D8744}
		{75AABFCD-BE40-431F-A79E-5431DF89B294} = {87D537DB-9FB3-4C0E-BC44-D98ACD3D8744}
		{A29E4F83-CFDA-4954-811F-DC724F4F5487} = {622BB30C-CFA5-45C3-83B8-A5C9C119E25F}
		{A1157B23-1CE9-4D27-BB65-EFB2FE39140C} = {622BB30C-CFA5-45C3-83B8-A5C9C119E25F}
		{862582C8-4ADC-47A4-BEDE-1CCDCAF134AC} = {622BB30C-CFA5-45C3-83B8-A5C9C119E25F}
		{B4598D56-6945-4A49-89C7-89134351759E} = {622BB30C-CFA5-45C3-83B8-A5C9C119E25F}
		{585EB74E-908E-4616-96BF-B62F62DEDF02} = {D0AC3EB7-40E4-479C-AC09-45A1EC4EB76A}
		{8C8A397B-547F-4019-9B6D-825CAD821685} = {D0AC3EB7-40E4-479C-AC09-45A1EC4EB76A}
		{DE09F8D2-524C-4160-829C-AB05B460833D} = {D0AC3EB7-40E4-479C-AC09-45A1EC4EB76A}
		{6DEAB831-4C82-4BCB-890A-F3646CF50C1F} = {D0AC3EB7-40E4-479C-AC09-45A1EC4EB76A}
		{4689AAB3-35B0-454F-85BF-3BAD0BFA765B} = {A60949EA-C54F-44EA-AC18-5453E98AC744}
		{72194F96-2262-4064-8C8F-631F8163E90F} = {A60949EA-C54F-44EA-AC18-5453E98AC744}
		{F2A9E64E-FB1E-4AAD-825D-971C196AE90A} = {A60949EA-C54F-44EA-AC18-5453E98AC744}
		{FE009B81-2FAA-45DE-AAF4-DA0743806C72} = {A60949EA-C54F-44EA-AC18-5453E98AC744}
	EndGlobalSection
EndGlobal
